Microsoft Visual Studio Solution File, Format Version 12.00
# Visual Studio Version 17
VisualStudioVersion = 17.5.2.0
MinimumVisualStudioVersion = 10.0.40219.1
Project("{FAE04EC0-301F-11D3-BF4B-00C04F79EFBC}") = "Animals", "Animals.csproj", "{C16305B6-FD43-B6EB-0222-1A8C21FAD0F0}"
EndProject
Project("{FAE04EC0-301F-11D3-BF4B-00C04F79EFBC}") = "AnimalModels", "AnimalModels\AnimalModels.csproj", "{34F6BC61-2F78-4F16-A5A5-9EFA6102B33A}"
EndProject
Global
	GlobalSection(SolutionConfigurationPlatforms) = preSolution
		Debug|Any CPU = Debug|Any CPU
		Release|Any CPU = Release|Any CPU
	EndGlobalSection
	GlobalSection(ProjectConfigurationPlatforms) = postSolution
		{C16305B6-FD43-B6EB-0222-1A8C21FAD0F0}.Debug|Any CPU.ActiveCfg = Debug|Any CPU
		{C16305B6-FD43-B6EB-0222-1A8C21FAD0F0}.Debug|Any CPU.Build.0 = Debug|Any CPU
		{C16305B6-FD43-B6EB-0222-1A8C21FAD0F0}.Release|Any CPU.ActiveCfg = Release|Any CPU
		{C16305B6-FD43-B6EB-0222-1A8C21FAD0F0}.Release|Any CPU.Build.0 = Release|Any CPU
		{34F6BC61-2F78-4F16-A5A5-9EFA6102B33A}.Debug|Any CPU.ActiveCfg = Debug|Any CPU
		{34F6BC61-2F78-4F16-A5A5-9EFA6102B33A}.Debug|Any CPU.Build.0 = Debug|Any CPU
		{34F6BC61-2F78-4F16-A5A5-9EFA6102B33A}.Release|Any CPU.ActiveCfg = Release|Any CPU
		{34F6BC61-2F78-4F16-A5A5-9EFA6102B33A}.Release|Any CPU.Build.0 = Release|Any CPU
	EndGlobalSection
	GlobalSection(SolutionProperties) = preSolution
		HideSolutionNode = FALSE
	EndGlobalSection
	GlobalSection(ExtensibilityGlobals) = postSolution
		SolutionGuid = {302805EF-0D57-42A1-A8C5-BBD431ADE245}
	EndGlobalSection
EndGlobal
